// !$*UTF8*$!
{
	archiveVersion = 1;
	classes = {
	};
	objectVersion = 50;
	objects = {

/* Begin PBXBuildFile section */
		E574566A223A8EAC0049AFC0 /* FunctionalNetworking.framework in Frameworks */ = {isa = PBXBuildFile; fileRef = E5745660223A8EAC0049AFC0 /* FunctionalNetworking.framework */; };
		E574566F223A8EAC0049AFC0 /* FunctionalNetworkingTests.swift in Sources */ = {isa = PBXBuildFile; fileRef = E574566E223A8EAC0049AFC0 /* FunctionalNetworkingTests.swift */; };
		E5745671223A8EAC0049AFC0 /* FunctionalNetworking.h in Headers */ = {isa = PBXBuildFile; fileRef = E5745663223A8EAC0049AFC0 /* FunctionalNetworking.h */; settings = {ATTRIBUTES = (Public, ); }; };
		E5745683223A8F1F0049AFC0 /* Promise.swift in Sources */ = {isa = PBXBuildFile; fileRef = E5745682223A8F1F0049AFC0 /* Promise.swift */; };
		E5745685223A8F270049AFC0 /* URLUtil.swift in Sources */ = {isa = PBXBuildFile; fileRef = E5745684223A8F270049AFC0 /* URLUtil.swift */; };
		E5745687223A8F2F0049AFC0 /* NetworkingService.swift in Sources */ = {isa = PBXBuildFile; fileRef = E5745686223A8F2F0049AFC0 /* NetworkingService.swift */; };
		E574568A223A8F3A0049AFC0 /* Parser.swift in Sources */ = {isa = PBXBuildFile; fileRef = E5745688223A8F3A0049AFC0 /* Parser.swift */; };
		E574568B223A8F3A0049AFC0 /* DefaultParser.swift in Sources */ = {isa = PBXBuildFile; fileRef = E5745689223A8F3A0049AFC0 /* DefaultParser.swift */; };
		E574568F223A8F430049AFC0 /* Request.swift in Sources */ = {isa = PBXBuildFile; fileRef = E574568C223A8F430049AFC0 /* Request.swift */; };
		E5745690223A8F430049AFC0 /* NetworkingError.swift in Sources */ = {isa = PBXBuildFile; fileRef = E574568D223A8F430049AFC0 /* NetworkingError.swift */; };
		E5745691223A8F430049AFC0 /* NetworkingResponse.swift in Sources */ = {isa = PBXBuildFile; fileRef = E574568E223A8F430049AFC0 /* NetworkingResponse.swift */; };
		E5745693223A8F4B0049AFC0 /* URLSessionDispatcher.swift in Sources */ = {isa = PBXBuildFile; fileRef = E5745692223A8F4B0049AFC0 /* URLSessionDispatcher.swift */; };
		E5745698223A8F5A0049AFC0 /* NetworkingConfiguration.swift in Sources */ = {isa = PBXBuildFile; fileRef = E5745695223A8F5A0049AFC0 /* NetworkingConfiguration.swift */; };
		E5745699223A8F5A0049AFC0 /* NetworkDispatcher.swift in Sources */ = {isa = PBXBuildFile; fileRef = E5745696223A8F5A0049AFC0 /* NetworkDispatcher.swift */; };
		E574569A223A8F5A0049AFC0 /* NetworkingOperation.swift in Sources */ = {isa = PBXBuildFile; fileRef = E5745697223A8F5A0049AFC0 /* NetworkingOperation.swift */; };
		E574569D223A8F8B0049AFC0 /* Result.swift in Sources */ = {isa = PBXBuildFile; fileRef = E574569C223A8F8B0049AFC0 /* Result.swift */; };
		E57456A1223A8FA40049AFC0 /* NSErrorExtensions.swift in Sources */ = {isa = PBXBuildFile; fileRef = E574569F223A8FA30049AFC0 /* NSErrorExtensions.swift */; };
		E57456A2223A8FA40049AFC0 /* DataExtensions.swift in Sources */ = {isa = PBXBuildFile; fileRef = E57456A0223A8FA30049AFC0 /* DataExtensions.swift */; };
/* End PBXBuildFile section */

/* Begin PBXContainerItemProxy section */
		E574566B223A8EAC0049AFC0 /* PBXContainerItemProxy */ = {
			isa = PBXContainerItemProxy;
			containerPortal = E5745657223A8EAC0049AFC0 /* Project object */;
			proxyType = 1;
			remoteGlobalIDString = E574565F223A8EAC0049AFC0;
			remoteInfo = FunctionalNetworking;
		};
/* End PBXContainerItemProxy section */

/* Begin PBXFileReference section */
		E5745660223A8EAC0049AFC0 /* FunctionalNetworking.framework */ = {isa = PBXFileReference; explicitFileType = wrapper.framework; includeInIndex = 0; path = FunctionalNetworking.framework; sourceTree = BUILT_PRODUCTS_DIR; };
		E5745663223A8EAC0049AFC0 /* FunctionalNetworking.h */ = {isa = PBXFileReference; lastKnownFileType = sourcecode.c.h; path = FunctionalNetworking.h; sourceTree = "<group>"; };
		E5745664223A8EAC0049AFC0 /* Info.plist */ = {isa = PBXFileReference; lastKnownFileType = text.plist.xml; path = Info.plist; sourceTree = "<group>"; };
		E5745669223A8EAC0049AFC0 /* FunctionalNetworkingTests.xctest */ = {isa = PBXFileReference; explicitFileType = wrapper.cfbundle; includeInIndex = 0; path = FunctionalNetworkingTests.xctest; sourceTree = BUILT_PRODUCTS_DIR; };
		E574566E223A8EAC0049AFC0 /* FunctionalNetworkingTests.swift */ = {isa = PBXFileReference; lastKnownFileType = sourcecode.swift; path = FunctionalNetworkingTests.swift; sourceTree = "<group>"; };
		E5745670223A8EAC0049AFC0 /* Info.plist */ = {isa = PBXFileReference; lastKnownFileType = text.plist.xml; path = Info.plist; sourceTree = "<group>"; };
		E5745682223A8F1F0049AFC0 /* Promise.swift */ = {isa = PBXFileReference; fileEncoding = 4; lastKnownFileType = sourcecode.swift; path = Promise.swift; sourceTree = "<group>"; };
		E5745684223A8F270049AFC0 /* URLUtil.swift */ = {isa = PBXFileReference; fileEncoding = 4; lastKnownFileType = sourcecode.swift; path = URLUtil.swift; sourceTree = "<group>"; };
		E5745686223A8F2F0049AFC0 /* NetworkingService.swift */ = {isa = PBXFileReference; fileEncoding = 4; lastKnownFileType = sourcecode.swift; path = NetworkingService.swift; sourceTree = "<group>"; };
		E5745688223A8F3A0049AFC0 /* Parser.swift */ = {isa = PBXFileReference; fileEncoding = 4; lastKnownFileType = sourcecode.swift; path = Parser.swift; sourceTree = "<group>"; };
		E5745689223A8F3A0049AFC0 /* DefaultParser.swift */ = {isa = PBXFileReference; fileEncoding = 4; lastKnownFileType = sourcecode.swift; path = DefaultParser.swift; sourceTree = "<group>"; };
		E574568C223A8F430049AFC0 /* Request.swift */ = {isa = PBXFileReference; fileEncoding = 4; lastKnownFileType = sourcecode.swift; path = Request.swift; sourceTree = "<group>"; };
		E574568D223A8F430049AFC0 /* NetworkingError.swift */ = {isa = PBXFileReference; fileEncoding = 4; lastKnownFileType = sourcecode.swift; path = NetworkingError.swift; sourceTree = "<group>"; };
		E574568E223A8F430049AFC0 /* NetworkingResponse.swift */ = {isa = PBXFileReference; fileEncoding = 4; lastKnownFileType = sourcecode.swift; path = NetworkingResponse.swift; sourceTree = "<group>"; };
		E5745692223A8F4B0049AFC0 /* URLSessionDispatcher.swift */ = {isa = PBXFileReference; fileEncoding = 4; lastKnownFileType = sourcecode.swift; path = URLSessionDispatcher.swift; sourceTree = "<group>"; };
		E5745695223A8F5A0049AFC0 /* NetworkingConfiguration.swift */ = {isa = PBXFileReference; fileEncoding = 4; lastKnownFileType = sourcecode.swift; path = NetworkingConfiguration.swift; sourceTree = "<group>"; };
		E5745696223A8F5A0049AFC0 /* NetworkDispatcher.swift */ = {isa = PBXFileReference; fileEncoding = 4; lastKnownFileType = sourcecode.swift; path = NetworkDispatcher.swift; sourceTree = "<group>"; };
		E5745697223A8F5A0049AFC0 /* NetworkingOperation.swift */ = {isa = PBXFileReference; fileEncoding = 4; lastKnownFileType = sourcecode.swift; path = NetworkingOperation.swift; sourceTree = "<group>"; };
		E574569C223A8F8B0049AFC0 /* Result.swift */ = {isa = PBXFileReference; fileEncoding = 4; lastKnownFileType = sourcecode.swift; path = Result.swift; sourceTree = "<group>"; };
		E574569F223A8FA30049AFC0 /* NSErrorExtensions.swift */ = {isa = PBXFileReference; fileEncoding = 4; lastKnownFileType = sourcecode.swift; path = NSErrorExtensions.swift; sourceTree = "<group>"; };
		E57456A0223A8FA30049AFC0 /* DataExtensions.swift */ = {isa = PBXFileReference; fileEncoding = 4; lastKnownFileType = sourcecode.swift; path = DataExtensions.swift; sourceTree = "<group>"; };
/* End PBXFileReference section */

/* Begin PBXFrameworksBuildPhase section */
		E574565D223A8EAC0049AFC0 /* Frameworks */ = {
			isa = PBXFrameworksBuildPhase;
			buildActionMask = 2147483647;
			files = (
			);
			runOnlyForDeploymentPostprocessing = 0;
		};
		E5745666223A8EAC0049AFC0 /* Frameworks */ = {
			isa = PBXFrameworksBuildPhase;
			buildActionMask = 2147483647;
			files = (
				E574566A223A8EAC0049AFC0 /* FunctionalNetworking.framework in Frameworks */,
			);
			runOnlyForDeploymentPostprocessing = 0;
		};
/* End PBXFrameworksBuildPhase section */

/* Begin PBXGroup section */
		E5745656223A8EAC0049AFC0 = {
			isa = PBXGroup;
			children = (
				E5745662223A8EAC0049AFC0 /* FunctionalNetworking */,
				E574566D223A8EAC0049AFC0 /* FunctionalNetworkingTests */,
				E5745661223A8EAC0049AFC0 /* Products */,
			);
			sourceTree = "<group>";
		};
		E5745661223A8EAC0049AFC0 /* Products */ = {
			isa = PBXGroup;
			children = (
				E5745660223A8EAC0049AFC0 /* FunctionalNetworking.framework */,
				E5745669223A8EAC0049AFC0 /* FunctionalNetworkingTests.xctest */,
			);
			name = Products;
			sourceTree = "<group>";
		};
		E5745662223A8EAC0049AFC0 /* FunctionalNetworking */ = {
			isa = PBXGroup;
			children = (
				E574569E223A8F970049AFC0 /* Extensions */,
				E574569B223A8F7D0049AFC0 /* Types */,
				E5745680223A8F080049AFC0 /* Utility */,
				E574567F223A8F010049AFC0 /* Protocols */,
				E574567E223A8EFA0049AFC0 /* Parser */,
				E574567D223A8EF30049AFC0 /* Models */,
				E574567C223A8ED70049AFC0 /* Dispatcher */,
				E574567B223A8EC00049AFC0 /* Supporting Files */,
			);
			path = FunctionalNetworking;
			sourceTree = "<group>";
		};
		E574566D223A8EAC0049AFC0 /* FunctionalNetworkingTests */ = {
			isa = PBXGroup;
			children = (
				E574566E223A8EAC0049AFC0 /* FunctionalNetworkingTests.swift */,
				E5745670223A8EAC0049AFC0 /* Info.plist */,
			);
			path = FunctionalNetworkingTests;
			sourceTree = "<group>";
		};
		E574567B223A8EC00049AFC0 /* Supporting Files */ = {
			isa = PBXGroup;
			children = (
				E5745663223A8EAC0049AFC0 /* FunctionalNetworking.h */,
				E5745664223A8EAC0049AFC0 /* Info.plist */,
			);
			path = "Supporting Files";
			sourceTree = "<group>";
		};
		E574567C223A8ED70049AFC0 /* Dispatcher */ = {
			isa = PBXGroup;
			children = (
				E5745694223A8F4E0049AFC0 /* Commons */,
				E5745692223A8F4B0049AFC0 /* URLSessionDispatcher.swift */,
			);
			path = Dispatcher;
			sourceTree = "<group>";
		};
		E574567D223A8EF30049AFC0 /* Models */ = {
			isa = PBXGroup;
			children = (
				E574568D223A8F430049AFC0 /* NetworkingError.swift */,
				E574568E223A8F430049AFC0 /* NetworkingResponse.swift */,
				E574568C223A8F430049AFC0 /* Request.swift */,
			);
			path = Models;
			sourceTree = "<group>";
		};
		E574567E223A8EFA0049AFC0 /* Parser */ = {
			isa = PBXGroup;
			children = (
				E5745689223A8F3A0049AFC0 /* DefaultParser.swift */,
				E5745688223A8F3A0049AFC0 /* Parser.swift */,
			);
			path = Parser;
			sourceTree = "<group>";
		};
		E574567F223A8F010049AFC0 /* Protocols */ = {
			isa = PBXGroup;
			children = (
				E5745686223A8F2F0049AFC0 /* NetworkingService.swift */,
			);
			path = Protocols;
			sourceTree = "<group>";
		};
		E5745680223A8F080049AFC0 /* Utility */ = {
			isa = PBXGroup;
			children = (
				E5745684223A8F270049AFC0 /* URLUtil.swift */,
			);
			path = Utility;
			sourceTree = "<group>";
		};
		E5745694223A8F4E0049AFC0 /* Commons */ = {
			isa = PBXGroup;
			children = (
				E5745696223A8F5A0049AFC0 /* NetworkDispatcher.swift */,
				E5745695223A8F5A0049AFC0 /* NetworkingConfiguration.swift */,
				E5745697223A8F5A0049AFC0 /* NetworkingOperation.swift */,
			);
			path = Commons;
			sourceTree = "<group>";
		};
		E574569B223A8F7D0049AFC0 /* Types */ = {
			isa = PBXGroup;
			children = (
				E574569C223A8F8B0049AFC0 /* Result.swift */,
				E5745682223A8F1F0049AFC0 /* Promise.swift */,
			);
			path = Types;
			sourceTree = "<group>";
		};
		E574569E223A8F970049AFC0 /* Extensions */ = {
			isa = PBXGroup;
			children = (
				E57456A0223A8FA30049AFC0 /* DataExtensions.swift */,
				E574569F223A8FA30049AFC0 /* NSErrorExtensions.swift */,
			);
			path = Extensions;
			sourceTree = "<group>";
		};
/* End PBXGroup section */

/* Begin PBXHeadersBuildPhase section */
		E574565B223A8EAC0049AFC0 /* Headers */ = {
			isa = PBXHeadersBuildPhase;
			buildActionMask = 2147483647;
			files = (
				E5745671223A8EAC0049AFC0 /* FunctionalNetworking.h in Headers */,
			);
			runOnlyForDeploymentPostprocessing = 0;
		};
/* End PBXHeadersBuildPhase section */

/* Begin PBXNativeTarget section */
		E574565F223A8EAC0049AFC0 /* FunctionalNetworking */ = {
			isa = PBXNativeTarget;
			buildConfigurationList = E5745674223A8EAC0049AFC0 /* Build configuration list for PBXNativeTarget "FunctionalNetworking" */;
			buildPhases = (
				E574565B223A8EAC0049AFC0 /* Headers */,
				E574565C223A8EAC0049AFC0 /* Sources */,
				E574565D223A8EAC0049AFC0 /* Frameworks */,
				E574565E223A8EAC0049AFC0 /* Resources */,
			);
			buildRules = (
			);
			dependencies = (
			);
			name = FunctionalNetworking;
			productName = FunctionalNetworking;
			productReference = E5745660223A8EAC0049AFC0 /* FunctionalNetworking.framework */;
			productType = "com.apple.product-type.framework";
		};
		E5745668223A8EAC0049AFC0 /* FunctionalNetworkingTests */ = {
			isa = PBXNativeTarget;
			buildConfigurationList = E5745677223A8EAC0049AFC0 /* Build configuration list for PBXNativeTarget "FunctionalNetworkingTests" */;
			buildPhases = (
				E5745665223A8EAC0049AFC0 /* Sources */,
				E5745666223A8EAC0049AFC0 /* Frameworks */,
				E5745667223A8EAC0049AFC0 /* Resources */,
			);
			buildRules = (
			);
			dependencies = (
				E574566C223A8EAC0049AFC0 /* PBXTargetDependency */,
			);
			name = FunctionalNetworkingTests;
			productName = FunctionalNetworkingTests;
			productReference = E5745669223A8EAC0049AFC0 /* FunctionalNetworkingTests.xctest */;
			productType = "com.apple.product-type.bundle.unit-test";
		};
/* End PBXNativeTarget section */

/* Begin PBXProject section */
		E5745657223A8EAC0049AFC0 /* Project object */ = {
			isa = PBXProject;
			attributes = {
				LastSwiftUpdateCheck = 1010;
				LastUpgradeCheck = 1010;
				ORGANIZATIONNAME = "Eduardo Bocato";
				TargetAttributes = {
					E574565F223A8EAC0049AFC0 = {
						CreatedOnToolsVersion = 10.1;
						LastSwiftMigration = 1010;
					};
					E5745668223A8EAC0049AFC0 = {
						CreatedOnToolsVersion = 10.1;
					};
				};
			};
			buildConfigurationList = E574565A223A8EAC0049AFC0 /* Build configuration list for PBXProject "FunctionalNetworking" */;
			compatibilityVersion = "Xcode 9.3";
			developmentRegion = en;
			hasScannedForEncodings = 0;
			knownRegions = (
				en,
			);
			mainGroup = E5745656223A8EAC0049AFC0;
			productRefGroup = E5745661223A8EAC0049AFC0 /* Products */;
			projectDirPath = "";
			projectRoot = "";
			targets = (
				E574565F223A8EAC0049AFC0 /* FunctionalNetworking */,
				E5745668223A8EAC0049AFC0 /* FunctionalNetworkingTests */,
			);
		};
/* End PBXProject section */

/* Begin PBXResourcesBuildPhase section */
		E574565E223A8EAC0049AFC0 /* Resources */ = {
			isa = PBXResourcesBuildPhase;
			buildActionMask = 2147483647;
			files = (
			);
			runOnlyForDeploymentPostprocessing = 0;
		};
		E5745667223A8EAC0049AFC0 /* Resources */ = {
			isa = PBXResourcesBuildPhase;
			buildActionMask = 2147483647;
			files = (
			);
			runOnlyForDeploymentPostprocessing = 0;
		};
/* End PBXResourcesBuildPhase section */

/* Begin PBXSourcesBuildPhase section */
		E574565C223A8EAC0049AFC0 /* Sources */ = {
			isa = PBXSourcesBuildPhase;
			buildActionMask = 2147483647;
			files = (
				E5745698223A8F5A0049AFC0 /* NetworkingConfiguration.swift in Sources */,
				E574569D223A8F8B0049AFC0 /* Result.swift in Sources */,
				E574568B223A8F3A0049AFC0 /* DefaultParser.swift in Sources */,
				E57456A1223A8FA40049AFC0 /* NSErrorExtensions.swift in Sources */,
				E574568F223A8F430049AFC0 /* Request.swift in Sources */,
				E5745699223A8F5A0049AFC0 /* NetworkDispatcher.swift in Sources */,
				E5745691223A8F430049AFC0 /* NetworkingResponse.swift in Sources */,
				E574568A223A8F3A0049AFC0 /* Parser.swift in Sources */,
				E57456A2223A8FA40049AFC0 /* DataExtensions.swift in Sources */,
				E5745690223A8F430049AFC0 /* NetworkingError.swift in Sources */,
				E5745687223A8F2F0049AFC0 /* NetworkingService.swift in Sources */,
				E5745683223A8F1F0049AFC0 /* Promise.swift in Sources */,
				E574569A223A8F5A0049AFC0 /* NetworkingOperation.swift in Sources */,
				E5745685223A8F270049AFC0 /* URLUtil.swift in Sources */,
				E5745693223A8F4B0049AFC0 /* URLSessionDispatcher.swift in Sources */,
			);
			runOnlyForDeploymentPostprocessing = 0;
		};
		E5745665223A8EAC0049AFC0 /* Sources */ = {
			isa = PBXSourcesBuildPhase;
			buildActionMask = 2147483647;
			files = (
				E574566F223A8EAC0049AFC0 /* FunctionalNetworkingTests.swift in Sources */,
			);
			runOnlyForDeploymentPostprocessing = 0;
		};
/* End PBXSourcesBuildPhase section */

/* Begin PBXTargetDependency section */
		E574566C223A8EAC0049AFC0 /* PBXTargetDependency */ = {
			isa = PBXTargetDependency;
			target = E574565F223A8EAC0049AFC0 /* FunctionalNetworking */;
			targetProxy = E574566B223A8EAC0049AFC0 /* PBXContainerItemProxy */;
		};
/* End PBXTargetDependency section */

/* Begin XCBuildConfiguration section */
		E5745672223A8EAC0049AFC0 /* Debug */ = {
			isa = XCBuildConfiguration;
			buildSettings = {
				ALWAYS_SEARCH_USER_PATHS = NO;
				CLANG_ANALYZER_NONNULL = YES;
				CLANG_ANALYZER_NUMBER_OBJECT_CONVERSION = YES_AGGRESSIVE;
				CLANG_CXX_LANGUAGE_STANDARD = "gnu++14";
				CLANG_CXX_LIBRARY = "libc++";
				CLANG_ENABLE_MODULES = YES;
				CLANG_ENABLE_OBJC_ARC = YES;
				CLANG_ENABLE_OBJC_WEAK = YES;
				CLANG_WARN_BLOCK_CAPTURE_AUTORELEASING = YES;
				CLANG_WARN_BOOL_CONVERSION = YES;
				CLANG_WARN_COMMA = YES;
				CLANG_WARN_CONSTANT_CONVERSION = YES;
				CLANG_WARN_DEPRECATED_OBJC_IMPLEMENTATIONS = YES;
				CLANG_WARN_DIRECT_OBJC_ISA_USAGE = YES_ERROR;
				CLANG_WARN_DOCUMENTATION_COMMENTS = YES;
				CLANG_WARN_EMPTY_BODY = YES;
				CLANG_WARN_ENUM_CONVERSION = YES;
				CLANG_WARN_INFINITE_RECURSION = YES;
				CLANG_WARN_INT_CONVERSION = YES;
				CLANG_WARN_NON_LITERAL_NULL_CONVERSION = YES;
				CLANG_WARN_OBJC_IMPLICIT_RETAIN_SELF = YES;
				CLANG_WARN_OBJC_LITERAL_CONVERSION = YES;
				CLANG_WARN_OBJC_ROOT_CLASS = YES_ERROR;
				CLANG_WARN_RANGE_LOOP_ANALYSIS = YES;
				CLANG_WARN_STRICT_PROTOTYPES = YES;
				CLANG_WARN_SUSPICIOUS_MOVE = YES;
				CLANG_WARN_UNGUARDED_AVAILABILITY = YES_AGGRESSIVE;
				CLANG_WARN_UNREACHABLE_CODE = YES;
				CLANG_WARN__DUPLICATE_METHOD_MATCH = YES;
				CODE_SIGN_IDENTITY = "iPhone Developer";
				COPY_PHASE_STRIP = NO;
				CURRENT_PROJECT_VERSION = 1;
				DEBUG_INFORMATION_FORMAT = dwarf;
				ENABLE_STRICT_OBJC_MSGSEND = YES;
				ENABLE_TESTABILITY = YES;
				GCC_C_LANGUAGE_STANDARD = gnu11;
				GCC_DYNAMIC_NO_PIC = NO;
				GCC_NO_COMMON_BLOCKS = YES;
				GCC_OPTIMIZATION_LEVEL = 0;
				GCC_PREPROCESSOR_DEFINITIONS = (
					"DEBUG=1",
					"$(inherited)",
				);
				GCC_WARN_64_TO_32_BIT_CONVERSION = YES;
				GCC_WARN_ABOUT_RETURN_TYPE = YES_ERROR;
				GCC_WARN_UNDECLARED_SELECTOR = YES;
				GCC_WARN_UNINITIALIZED_AUTOS = YES_AGGRESSIVE;
				GCC_WARN_UNUSED_FUNCTION = YES;
				GCC_WARN_UNUSED_VARIABLE = YES;
				IPHONEOS_DEPLOYMENT_TARGET = 12.1;
				MTL_ENABLE_DEBUG_INFO = INCLUDE_SOURCE;
				MTL_FAST_MATH = YES;
				ONLY_ACTIVE_ARCH = YES;
				SDKROOT = iphoneos;
				SWIFT_ACTIVE_COMPILATION_CONDITIONS = DEBUG;
				SWIFT_OPTIMIZATION_LEVEL = "-Onone";
				VERSIONING_SYSTEM = "apple-generic";
				VERSION_INFO_PREFIX = "";
			};
			name = Debug;
		};
		E5745673223A8EAC0049AFC0 /* Release */ = {
			isa = XCBuildConfiguration;
			buildSettings = {
				ALWAYS_SEARCH_USER_PATHS = NO;
				CLANG_ANALYZER_NONNULL = YES;
				CLANG_ANALYZER_NUMBER_OBJECT_CONVERSION = YES_AGGRESSIVE;
				CLANG_CXX_LANGUAGE_STANDARD = "gnu++14";
				CLANG_CXX_LIBRARY = "libc++";
				CLANG_ENABLE_MODULES = YES;
				CLANG_ENABLE_OBJC_ARC = YES;
				CLANG_ENABLE_OBJC_WEAK = YES;
				CLANG_WARN_BLOCK_CAPTURE_AUTORELEASING = YES;
				CLANG_WARN_BOOL_CONVERSION = YES;
				CLANG_WARN_COMMA = YES;
				CLANG_WARN_CONSTANT_CONVERSION = YES;
				CLANG_WARN_DEPRECATED_OBJC_IMPLEMENTATIONS = YES;
				CLANG_WARN_DIRECT_OBJC_ISA_USAGE = YES_ERROR;
				CLANG_WARN_DOCUMENTATION_COMMENTS = YES;
				CLANG_WARN_EMPTY_BODY = YES;
				CLANG_WARN_ENUM_CONVERSION = YES;
				CLANG_WARN_INFINITE_RECURSION = YES;
				CLANG_WARN_INT_CONVERSION = YES;
				CLANG_WARN_NON_LITERAL_NULL_CONVERSION = YES;
				CLANG_WARN_OBJC_IMPLICIT_RETAIN_SELF = YES;
				CLANG_WARN_OBJC_LITERAL_CONVERSION = YES;
				CLANG_WARN_OBJC_ROOT_CLASS = YES_ERROR;
				CLANG_WARN_RANGE_LOOP_ANALYSIS = YES;
				CLANG_WARN_STRICT_PROTOTYPES = YES;
				CLANG_WARN_SUSPICIOUS_MOVE = YES;
				CLANG_WARN_UNGUARDED_AVAILABILITY = YES_AGGRESSIVE;
				CLANG_WARN_UNREACHABLE_CODE = YES;
				CLANG_WARN__DUPLICATE_METHOD_MATCH = YES;
				CODE_SIGN_IDENTITY = "iPhone Developer";
				COPY_PHASE_STRIP = NO;
				CURRENT_PROJECT_VERSION = 1;
				DEBUG_INFORMATION_FORMAT = "dwarf-with-dsym";
				ENABLE_NS_ASSERTIONS = NO;
				ENABLE_STRICT_OBJC_MSGSEND = YES;
				GCC_C_LANGUAGE_STANDARD = gnu11;
				GCC_NO_COMMON_BLOCKS = YES;
				GCC_WARN_64_TO_32_BIT_CONVERSION = YES;
				GCC_WARN_ABOUT_RETURN_TYPE = YES_ERROR;
				GCC_WARN_UNDECLARED_SELECTOR = YES;
				GCC_WARN_UNINITIALIZED_AUTOS = YES_AGGRESSIVE;
				GCC_WARN_UNUSED_FUNCTION = YES;
				GCC_WARN_UNUSED_VARIABLE = YES;
				IPHONEOS_DEPLOYMENT_TARGET = 12.1;
				MTL_ENABLE_DEBUG_INFO = NO;
				MTL_FAST_MATH = YES;
				SDKROOT = iphoneos;
				SWIFT_COMPILATION_MODE = wholemodule;
				SWIFT_OPTIMIZATION_LEVEL = "-O";
				VALIDATE_PRODUCT = YES;
				VERSIONING_SYSTEM = "apple-generic";
				VERSION_INFO_PREFIX = "";
			};
			name = Release;
		};
		E5745675223A8EAC0049AFC0 /* Debug */ = {
			isa = XCBuildConfiguration;
			buildSettings = {
				CLANG_ENABLE_MODULES = YES;
				CODE_SIGN_IDENTITY = "";
				CODE_SIGN_STYLE = Automatic;
				DEFINES_MODULE = YES;
				DEVELOPMENT_TEAM = LJ52F3Z7TA;
				DYLIB_COMPATIBILITY_VERSION = 1;
				DYLIB_CURRENT_VERSION = 1;
				DYLIB_INSTALL_NAME_BASE = "@rpath";
				INFOPLIST_FILE = "$(SRCROOT)/FunctionalNetworking/Supporting Files/Info.plist";
				INSTALL_PATH = "$(LOCAL_LIBRARY_DIR)/Frameworks";
				LD_RUNPATH_SEARCH_PATHS = (
					"$(inherited)",
					"@executable_path/Frameworks",
					"@loader_path/Frameworks",
				);
				PRODUCT_BUNDLE_IDENTIFIER = br.com.bocato.FunctionalNetworking;
				PRODUCT_NAME = "$(TARGET_NAME:c99extidentifier)";
				SKIP_INSTALL = YES;
				SWIFT_OPTIMIZATION_LEVEL = "-Onone";
				SWIFT_VERSION = 4.2;
				TARGETED_DEVICE_FAMILY = "1,2";
			};
			name = Debug;
		};
		E5745676223A8EAC0049AFC0 /* Release */ = {
			isa = XCBuildConfiguration;
			buildSettings = {
				CLANG_ENABLE_MODULES = YES;
				CODE_SIGN_IDENTITY = "";
				CODE_SIGN_STYLE = Automatic;
				DEFINES_MODULE = YES;
				DEVELOPMENT_TEAM = LJ52F3Z7TA;
				DYLIB_COMPATIBILITY_VERSION = 1;
				DYLIB_CURRENT_VERSION = 1;
				DYLIB_INSTALL_NAME_BASE = "@rpath";
				INFOPLIST_FILE = "$(SRCROOT)/FunctionalNetworking/Supporting Files/Info.plist";
				INSTALL_PATH = "$(LOCAL_LIBRARY_DIR)/Frameworks";
				LD_RUNPATH_SEARCH_PATHS = (
					"$(inherited)",
					"@executable_path/Frameworks",
					"@loader_path/Frameworks",
				);
				PRODUCT_BUNDLE_IDENTIFIER = br.com.bocato.FunctionalNetworking;
				PRODUCT_NAME = "$(TARGET_NAME:c99extidentifier)";
				SKIP_INSTALL = YES;
				SWIFT_VERSION = 4.2;
				TARGETED_DEVICE_FAMILY = "1,2";
			};
			name = Release;
		};
		E5745678223A8EAC0049AFC0 /* Debug */ = {
			isa = XCBuildConfiguration;
			buildSettings = {
				ALWAYS_EMBED_SWIFT_STANDARD_LIBRARIES = YES;
				CODE_SIGN_STYLE = Automatic;
				DEVELOPMENT_TEAM = LJ52F3Z7TA;
				INFOPLIST_FILE = FunctionalNetworkingTests/Info.plist;
				LD_RUNPATH_SEARCH_PATHS = (
					"$(inherited)",
					"@executable_path/Frameworks",
					"@loader_path/Frameworks",
				);
				PRODUCT_BUNDLE_IDENTIFIER = br.com.bocato.FunctionalNetworkingTests;
				PRODUCT_NAME = "$(TARGET_NAME)";
				SWIFT_VERSION = 4.2;
				TARGETED_DEVICE_FAMILY = "1,2";
			};
			name = Debug;
		};
		E5745679223A8EAC0049AFC0 /* Release */ = {
			isa = XCBuildConfiguration;
			buildSettings = {
				ALWAYS_EMBED_SWIFT_STANDARD_LIBRARIES = YES;
				CODE_SIGN_STYLE = Automatic;
				DEVELOPMENT_TEAM = LJ52F3Z7TA;
				INFOPLIST_FILE = FunctionalNetworkingTests/Info.plist;
				LD_RUNPATH_SEARCH_PATHS = (
					"$(inherited)",
					"@executable_path/Frameworks",
					"@loader_path/Frameworks",
				);
				PRODUCT_BUNDLE_IDENTIFIER = br.com.bocato.FunctionalNetworkingTests;
				PRODUCT_NAME = "$(TARGET_NAME)";
				SWIFT_VERSION = 4.2;
				TARGETED_DEVICE_FAMILY = "1,2";
			};
			name = Release;
		};
/* End XCBuildConfiguration section */

/* Begin XCConfigurationList section */
		E574565A223A8EAC0049AFC0 /* Build configuration list for PBXProject "FunctionalNetworking" */ = {
			isa = XCConfigurationList;
			buildConfigurations = (
				E5745672223A8EAC0049AFC0 /* Debug */,
				E5745673223A8EAC0049AFC0 /* Release */,
			);
			defaultConfigurationIsVisible = 0;
			defaultConfigurationName = Release;
		};
		E5745674223A8EAC0049AFC0 /* Build configuration list for PBXNativeTarget "FunctionalNetworking" */ = {
			isa = XCConfigurationList;
			buildConfigurations = (
				E5745675223A8EAC0049AFC0 /* Debug */,
				E5745676223A8EAC0049AFC0 /* Release */,
			);
			defaultConfigurationIsVisible = 0;
			defaultConfigurationName = Release;
		};
		E5745677223A8EAC0049AFC0 /* Build configuration list for PBXNativeTarget "FunctionalNetworkingTests" */ = {
			isa = XCConfigurationList;
			buildConfigurations = (
				E5745678223A8EAC0049AFC0 /* Debug */,
				E5745679223A8EAC0049AFC0 /* Release */,
			);
			defaultConfigurationIsVisible = 0;
			defaultConfigurationName = Release;
		};
/* End XCConfigurationList section */
	};
	rootObject = E5745657223A8EAC0049AFC0 /* Project object */;
}
